// !$*UTF8*$!
{
	archiveVersion = 1;
	classes = {
	};
	objectVersion = 46;
	objects = {

/* Begin PBXBuildFile section */
		2E34DFFD1E7A25BD001D6023 /* main.m in Sources */ = {isa = PBXBuildFile; fileRef = 2E34DFFC1E7A25BD001D6023 /* main.m */; };
		2E34E0001E7A25BD001D6023 /* AppDelegate.m in Sources */ = {isa = PBXBuildFile; fileRef = 2E34DFFF1E7A25BD001D6023 /* AppDelegate.m */; };
		2E34E0031E7A25BD001D6023 /* ViewController.m in Sources */ = {isa = PBXBuildFile; fileRef = 2E34E0021E7A25BD001D6023 /* ViewController.m */; };
		2E34E0061E7A25BD001D6023 /* Main.storyboard in Resources */ = {isa = PBXBuildFile; fileRef = 2E34E0041E7A25BD001D6023 /* Main.storyboard */; };
		2E34E0091E7A25BD001D6023 /* delegateMethod.xcdatamodeld in Sources */ = {isa = PBXBuildFile; fileRef = 2E34E0071E7A25BD001D6023 /* delegateMethod.xcdatamodeld */; };
		2E34E00B1E7A25BD001D6023 /* Assets.xcassets in Resources */ = {isa = PBXBuildFile; fileRef = 2E34E00A1E7A25BD001D6023 /* Assets.xcassets */; };
		2E34E00E1E7A25BD001D6023 /* LaunchScreen.storyboard in Resources */ = {isa = PBXBuildFile; fileRef = 2E34E00C1E7A25BD001D6023 /* LaunchScreen.storyboard */; };
		2E34E0191E7A25BD001D6023 /* delegateMethodTests.m in Sources */ = {isa = PBXBuildFile; fileRef = 2E34E0181E7A25BD001D6023 /* delegateMethodTests.m */; };
		2E34E0241E7A25BD001D6023 /* delegateMethodUITests.m in Sources */ = {isa = PBXBuildFile; fileRef = 2E34E0231E7A25BD001D6023 /* delegateMethodUITests.m */; };
/* End PBXBuildFile section */

/* Begin PBXContainerItemProxy section */
		2E34E0151E7A25BD001D6023 /* PBXContainerItemProxy */ = {
			isa = PBXContainerItemProxy;
			containerPortal = 2E34DFF01E7A25BD001D6023 /* Project object */;
			proxyType = 1;
			remoteGlobalIDString = 2E34DFF71E7A25BD001D6023;
			remoteInfo = delegateMethod;
		};
		2E34E0201E7A25BD001D6023 /* PBXContainerItemProxy */ = {
			isa = PBXContainerItemProxy;
			containerPortal = 2E34DFF01E7A25BD001D6023 /* Project object */;
			proxyType = 1;
			remoteGlobalIDString = 2E34DFF71E7A25BD001D6023;
			remoteInfo = delegateMethod;
		};
/* End PBXContainerItemProxy section */

/* Begin PBXFileReference section */
		2E34DFF81E7A25BD001D6023 /* delegateMethod.app */ = {isa = PBXFileReference; explicitFileType = wrapper.application; includeInIndex = 0; path = delegateMethod.app; sourceTree = BUILT_PRODUCTS_DIR; };
		2E34DFFC1E7A25BD001D6023 /* main.m */ = {isa = PBXFileReference; lastKnownFileType = sourcecode.c.objc; path = main.m; sourceTree = "<group>"; };
		2E34DFFE1E7A25BD001D6023 /* AppDelegate.h */ = {isa = PBXFileReference; lastKnownFileType = sourcecode.c.h; path = AppDelegate.h; sourceTree = "<group>"; };
		2E34DFFF1E7A25BD001D6023 /* AppDelegate.m */ = {isa = PBXFileReference; lastKnownFileType = sourcecode.c.objc; path = AppDelegate.m; sourceTree = "<group>"; };
		2E34E0011E7A25BD001D6023 /* ViewController.h */ = {isa = PBXFileReference; lastKnownFileType = sourcecode.c.h; path = ViewController.h; sourceTree = "<group>"; };
		2E34E0021E7A25BD001D6023 /* ViewController.m */ = {isa = PBXFileReference; lastKnownFileType = sourcecode.c.objc; path = ViewController.m; sourceTree = "<group>"; };
		2E34E0051E7A25BD001D6023 /* Base */ = {isa = PBXFileReference; lastKnownFileType = file.storyboard; name = Base; path = Base.lproj/Main.storyboard; sourceTree = "<group>"; };
		2E34E0081E7A25BD001D6023 /* delegateMethod.xcdatamodel */ = {isa = PBXFileReference; lastKnownFileType = wrapper.xcdatamodel; path = delegateMethod.xcdatamodel; sourceTree = "<group>"; };
		2E34E00A1E7A25BD001D6023 /* Assets.xcassets */ = {isa = PBXFileReference; lastKnownFileType = folder.assetcatalog; path = Assets.xcassets; sourceTree = "<group>"; };
		2E34E00D1E7A25BD001D6023 /* Base */ = {isa = PBXFileReference; lastKnownFileType = file.storyboard; name = Base; path = Base.lproj/LaunchScreen.storyboard; sourceTree = "<group>"; };
		2E34E00F1E7A25BD001D6023 /* Info.plist */ = {isa = PBXFileReference; lastKnownFileType = text.plist.xml; path = Info.plist; sourceTree = "<group>"; };
		2E34E0141E7A25BD001D6023 /* delegateMethodTests.xctest */ = {isa = PBXFileReference; explicitFileType = wrapper.cfbundle; includeInIndex = 0; path = delegateMethodTests.xctest; sourceTree = BUILT_PRODUCTS_DIR; };
		2E34E0181E7A25BD001D6023 /* delegateMethodTests.m */ = {isa = PBXFileReference; lastKnownFileType = sourcecode.c.objc; path = delegateMethodTests.m; sourceTree = "<group>"; };
		2E34E01A1E7A25BD001D6023 /* Info.plist */ = {isa = PBXFileReference; lastKnownFileType = text.plist.xml; path = Info.plist; sourceTree = "<group>"; };
		2E34E01F1E7A25BD001D6023 /* delegateMethodUITests.xctest */ = {isa = PBXFileReference; explicitFileType = wrapper.cfbundle; includeInIndex = 0; path = delegateMethodUITests.xctest; sourceTree = BUILT_PRODUCTS_DIR; };
		2E34E0231E7A25BD001D6023 /* delegateMethodUITests.m */ = {isa = PBXFileReference; lastKnownFileType = sourcecode.c.objc; path = delegateMethodUITests.m; sourceTree = "<group>"; };
		2E34E0251E7A25BD001D6023 /* Info.plist */ = {isa = PBXFileReference; lastKnownFileType = text.plist.xml; path = Info.plist; sourceTree = "<group>"; };
/* End PBXFileReference section */

/* Begin PBXFrameworksBuildPhase section */
		2E34DFF51E7A25BD001D6023 /* Frameworks */ = {
			isa = PBXFrameworksBuildPhase;
			buildActionMask = 2147483647;
			files = (
			);
			runOnlyForDeploymentPostprocessing = 0;
		};
		2E34E0111E7A25BD001D6023 /* Frameworks */ = {
			isa = PBXFrameworksBuildPhase;
			buildActionMask = 2147483647;
			files = (
			);
			runOnlyForDeploymentPostprocessing = 0;
		};
		2E34E01C1E7A25BD001D6023 /* Frameworks */ = {
			isa = PBXFrameworksBuildPhase;
			buildActionMask = 2147483647;
			files = (
			);
			runOnlyForDeploymentPostprocessing = 0;
		};
/* End PBXFrameworksBuildPhase section */

/* Begin PBXGroup section */
		2E34DFEF1E7A25BD001D6023 = {
			isa = PBXGroup;
			children = (
				2E34DFFA1E7A25BD001D6023 /* delegateMethod */,
				2E34E0171E7A25BD001D6023 /* delegateMethodTests */,
				2E34E0221E7A25BD001D6023 /* delegateMethodUITests */,
				2E34DFF91E7A25BD001D6023 /* Products */,
			);
			sourceTree = "<group>";
		};
		2E34DFF91E7A25BD001D6023 /* Products */ = {
			isa = PBXGroup;
			children = (
				2E34DFF81E7A25BD001D6023 /* delegateMethod.app */,
				2E34E0141E7A25BD001D6023 /* delegateMethodTests.xctest */,
				2E34E01F1E7A25BD001D6023 /* delegateMethodUITests.xctest */,
			);
			name = Products;
			sourceTree = "<group>";
		};
		2E34DFFA1E7A25BD001D6023 /* delegateMethod */ = {
			isa = PBXGroup;
			children = (
				2E34DFFE1E7A25BD001D6023 /* AppDelegate.h */,
				2E34DFFF1E7A25BD001D6023 /* AppDelegate.m */,
				2E34E0011E7A25BD001D6023 /* ViewController.h */,
				2E34E0021E7A25BD001D6023 /* ViewController.m */,
				2E34E0041E7A25BD001D6023 /* Main.storyboard */,
				2E34E00A1E7A25BD001D6023 /* Assets.xcassets */,
				2E34E00C1E7A25BD001D6023 /* LaunchScreen.storyboard */,
				2E34E00F1E7A25BD001D6023 /* Info.plist */,
				2E34E0071E7A25BD001D6023 /* delegateMethod.xcdatamodeld */,
				2E34DFFB1E7A25BD001D6023 /* Supporting Files */,
			);
			path = delegateMethod;
			sourceTree = "<group>";
		};
		2E34DFFB1E7A25BD001D6023 /* Supporting Files */ = {
			isa = PBXGroup;
			children = (
				2E34DFFC1E7A25BD001D6023 /* main.m */,
			);
			name = "Supporting Files";
			sourceTree = "<group>";
		};
		2E34E0171E7A25BD001D6023 /* delegateMethodTests */ = {
			isa = PBXGroup;
			children = (
				2E34E0181E7A25BD001D6023 /* delegateMethodTests.m */,
				2E34E01A1E7A25BD001D6023 /* Info.plist */,
			);
			path = delegateMethodTests;
			sourceTree = "<group>";
		};
		2E34E0221E7A25BD001D6023 /* delegateMethodUITests */ = {
			isa = PBXGroup;
			children = (
				2E34E0231E7A25BD001D6023 /* delegateMethodUITests.m */,
				2E34E0251E7A25BD001D6023 /* Info.plist */,
			);
			path = delegateMethodUITests;
			sourceTree = "<group>";
		};
/* End PBXGroup section */

/* Begin PBXNativeTarget section */
		2E34DFF71E7A25BD001D6023 /* delegateMethod */ = {
			isa = PBXNativeTarget;
			buildConfigurationList = 2E34E0281E7A25BD001D6023 /* Build configuration list for PBXNativeTarget "delegateMethod" */;
			buildPhases = (
				2E34DFF41E7A25BD001D6023 /* Sources */,
				2E34DFF51E7A25BD001D6023 /* Frameworks */,
				2E34DFF61E7A25BD001D6023 /* Resources */,
			);
			buildRules = (
			);
			dependencies = (
			);
			name = delegateMethod;
			productName = delegateMethod;
			productReference = 2E34DFF81E7A25BD001D6023 /* delegateMethod.app */;
			productType = "com.apple.product-type.application";
		};
		2E34E0131E7A25BD001D6023 /* delegateMethodTests */ = {
			isa = PBXNativeTarget;
			buildConfigurationList = 2E34E02B1E7A25BD001D6023 /* Build configuration list for PBXNativeTarget "delegateMethodTests" */;
			buildPhases = (
				2E34E0101E7A25BD001D6023 /* Sources */,
				2E34E0111E7A25BD001D6023 /* Frameworks */,
				2E34E0121E7A25BD001D6023 /* Resources */,
			);
			buildRules = (
			);
			dependencies = (
				2E34E0161E7A25BD001D6023 /* PBXTargetDependency */,
			);
			name = delegateMethodTests;
			productName = delegateMethodTests;
			productReference = 2E34E0141E7A25BD001D6023 /* delegateMethodTests.xctest */;
			productType = "com.apple.product-type.bundle.unit-test";
		};
		2E34E01E1E7A25BD001D6023 /* delegateMethodUITests */ = {
			isa = PBXNativeTarget;
			buildConfigurationList = 2E34E02E1E7A25BD001D6023 /* Build configuration list for PBXNativeTarget "delegateMethodUITests" */;
			buildPhases = (
				2E34E01B1E7A25BD001D6023 /* Sources */,
				2E34E01C1E7A25BD001D6023 /* Frameworks */,
				2E34E01D1E7A25BD001D6023 /* Resources */,
			);
			buildRules = (
			);
			dependencies = (
				2E34E0211E7A25BD001D6023 /* PBXTargetDependency */,
			);
			name = delegateMethodUITests;
			productName = delegateMethodUITests;
			productReference = 2E34E01F1E7A25BD001D6023 /* delegateMethodUITests.xctest */;
			productType = "com.apple.product-type.bundle.ui-testing";
		};
/* End PBXNativeTarget section */

/* Begin PBXProject section */
		2E34DFF01E7A25BD001D6023 /* Project object */ = {
			isa = PBXProject;
			attributes = {
				LastUpgradeCheck = 0820;
				ORGANIZATIONNAME = "Kian Davoudi-Rad";
				TargetAttributes = {
					2E34DFF71E7A25BD001D6023 = {
						CreatedOnToolsVersion = 8.2.1;
						DevelopmentTeam = 7Z59E8EDBY;
						ProvisioningStyle = Automatic;
					};
					2E34E0131E7A25BD001D6023 = {
						CreatedOnToolsVersion = 8.2.1;
						DevelopmentTeam = 7Z59E8EDBY;
						ProvisioningStyle = Automatic;
						TestTargetID = 2E34DFF71E7A25BD001D6023;
					};
					2E34E01E1E7A25BD001D6023 = {
						CreatedOnToolsVersion = 8.2.1;
						DevelopmentTeam = 7Z59E8EDBY;
						ProvisioningStyle = Automatic;
						TestTargetID = 2E34DFF71E7A25BD001D6023;
					};
				};
			};
			buildConfigurationList = 2E34DFF31E7A25BD001D6023 /* Build configuration list for PBXProject "delegateMethod" */;
			compatibilityVersion = "Xcode 3.2";
			developmentRegion = English;
			hasScannedForEncodings = 0;
			knownRegions = (
				en,
				Base,
			);
			mainGroup = 2E34DFEF1E7A25BD001D6023;
			productRefGroup = 2E34DFF91E7A25BD001D6023 /* Products */;
			projectDirPath = "";
			projectRoot = "";
			targets = (
				2E34DFF71E7A25BD001D6023 /* delegateMethod */,
				2E34E0131E7A25BD001D6023 /* delegateMethodTests */,
				2E34E01E1E7A25BD001D6023 /* delegateMethodUITests */,
			);
		};
/* End PBXProject section */

/* Begin PBXResourcesBuildPhase section */
		2E34DFF61E7A25BD001D6023 /* Resources */ = {
			isa = PBXResourcesBuildPhase;
			buildActionMask = 2147483647;
			files = (
				2E34E00E1E7A25BD001D6023 /* LaunchScreen.storyboard in Resources */,
				2E34E00B1E7A25BD001D6023 /* Assets.xcassets in Resources */,
				2E34E0061E7A25BD001D6023 /* Main.storyboard in Resources */,
			);
			runOnlyForDeploymentPostprocessing = 0;
		};
		2E34E0121E7A25BD001D6023 /* Resources */ = {
			isa = PBXResourcesBuildPhase;
			buildActionMask = 2147483647;
			files = (
			);
			runOnlyForDeploymentPostprocessing = 0;
		};
		2E34E01D1E7A25BD001D6023 /* Resources */ = {
			isa = PBXResourcesBuildPhase;
			buildActionMask = 2147483647;
			files = (
			);
			runOnlyForDeploymentPostprocessing = 0;
		};
/* End PBXResourcesBuildPhase section */

/* Begin PBXSourcesBuildPhase section */
		2E34DFF41E7A25BD001D6023 /* Sources */ = {
			isa = PBXSourcesBuildPhase;
			buildActionMask = 2147483647;
			files = (
				2E34E0031E7A25BD001D6023 /* ViewController.m in Sources */,
				2E34E0001E7A25BD001D6023 /* AppDelegate.m in Sources */,
				2E34DFFD1E7A25BD001D6023 /* main.m in Sources */,
				2E34E0091E7A25BD001D6023 /* delegateMethod.xcdatamodeld in Sources */,
			);
			runOnlyForDeploymentPostprocessing = 0;
		};
		2E34E0101E7A25BD001D6023 /* Sources */ = {
			isa = PBXSourcesBuildPhase;
			buildActionMask = 2147483647;
			files = (
				2E34E0191E7A25BD001D6023 /* delegateMethodTests.m in Sources */,
			);
			runOnlyForDeploymentPostprocessing = 0;
		};
		2E34E01B1E7A25BD001D6023 /* Sources */ = {
			isa = PBXSourcesBuildPhase;
			buildActionMask = 2147483647;
			files = (
				2E34E0241E7A25BD001D6023 /* delegateMethodUITests.m in Sources */,
			);
			runOnlyForDeploymentPostprocessing = 0;
		};
/* End PBXSourcesBuildPhase section */

/* Begin PBXTargetDependency section */
		2E34E0161E7A25BD001D6023 /* PBXTargetDependency */ = {
			isa = PBXTargetDependency;
			target = 2E34DFF71E7A25BD001D6023 /* delegateMethod */;
			targetProxy = 2E34E0151E7A25BD001D6023 /* PBXContainerItemProxy */;
		};
		2E34E0211E7A25BD001D6023 /* PBXTargetDependency */ = {
			isa = PBXTargetDependency;
			target = 2E34DFF71E7A25BD001D6023 /* delegateMethod */;
			targetProxy = 2E34E0201E7A25BD001D6023 /* PBXContainerItemProxy */;
		};
/* End PBXTargetDependency section */

/* Begin PBXVariantGroup section */
		2E34E0041E7A25BD001D6023 /* Main.storyboard */ = {
			isa = PBXVariantGroup;
			children = (
				2E34E0051E7A25BD001D6023 /* Base */,
			);
			name = Main.storyboard;
			sourceTree = "<group>";
		};
		2E34E00C1E7A25BD001D6023 /* LaunchScreen.storyboard */ = {
			isa = PBXVariantGroup;
			children = (
				2E34E00D1E7A25BD001D6023 /* Base */,
			);
			name = LaunchScreen.storyboard;
			sourceTree = "<group>";
		};
/* End PBXVariantGroup section */

/* Begin XCBuildConfiguration section */
		2E34E0261E7A25BD001D6023 /* Debug */ = {
			isa = XCBuildConfiguration;
			buildSettings = {
				ALWAYS_SEARCH_USER_PATHS = NO;
				CLANG_ANALYZER_NONNULL = YES;
				CLANG_CXX_LANGUAGE_STANDARD = "gnu++0x";
				CLANG_CXX_LIBRARY = "libc++";
				CLANG_ENABLE_MODULES = YES;
				CLANG_ENABLE_OBJC_ARC = YES;
				CLANG_WARN_BOOL_CONVERSION = YES;
				CLANG_WARN_CONSTANT_CONVERSION = YES;
				CLANG_WARN_DIRECT_OBJC_ISA_USAGE = YES_ERROR;
				CLANG_WARN_DOCUMENTATION_COMMENTS = YES;
				CLANG_WARN_EMPTY_BODY = YES;
				CLANG_WARN_ENUM_CONVERSION = YES;
				CLANG_WARN_INFINITE_RECURSION = YES;
				CLANG_WARN_INT_CONVERSION = YES;
				CLANG_WARN_OBJC_ROOT_CLASS = YES_ERROR;
				CLANG_WARN_SUSPICIOUS_MOVE = YES;
				CLANG_WARN_UNREACHABLE_CODE = YES;
				CLANG_WARN__DUPLICATE_METHOD_MATCH = YES;
				"CODE_SIGN_IDENTITY[sdk=iphoneos*]" = "iPhone Developer";
				COPY_PHASE_STRIP = NO;
				DEBUG_INFORMATION_FORMAT = dwarf;
				ENABLE_STRICT_OBJC_MSGSEND = YES;
				ENABLE_TESTABILITY = YES;
				GCC_C_LANGUAGE_STANDARD = gnu99;
				GCC_DYNAMIC_NO_PIC = NO;
				GCC_NO_COMMON_BLOCKS = YES;
				GCC_OPTIMIZATION_LEVEL = 0;
				GCC_PREPROCESSOR_DEFINITIONS = (
					"DEBUG=1",
					"$(inherited)",
				);
				GCC_WARN_64_TO_32_BIT_CONVERSION = YES;
				GCC_WARN_ABOUT_RETURN_TYPE = YES_ERROR;
				GCC_WARN_UNDECLARED_SELECTOR = YES;
				GCC_WARN_UNINITIALIZED_AUTOS = YES_AGGRESSIVE;
				GCC_WARN_UNUSED_FUNCTION = YES;
				GCC_WARN_UNUSED_VARIABLE = YES;
				IPHONEOS_DEPLOYMENT_TARGET = 10.2;
				MTL_ENABLE_DEBUG_INFO = YES;
				ONLY_ACTIVE_ARCH = YES;
				SDKROOT = iphoneos;
				TARGETED_DEVICE_FAMILY = "1,2";
			};
			name = Debug;
		};
		2E34E0271E7A25BD001D6023 /* Release */ = {
			isa = XCBuildConfiguration;
			buildSettings = {
				ALWAYS_SEARCH_USER_PATHS = NO;
				CLANG_ANALYZER_NONNULL = YES;
				CLANG_CXX_LANGUAGE_STANDARD = "gnu++0x";
				CLANG_CXX_LIBRARY = "libc++";
				CLANG_ENABLE_MODULES = YES;
				CLANG_ENABLE_OBJC_ARC = YES;
				CLANG_WARN_BOOL_CONVERSION = YES;
				CLANG_WARN_CONSTANT_CONVERSION = YES;
				CLANG_WARN_DIRECT_OBJC_ISA_USAGE = YES_ERROR;
				CLANG_WARN_DOCUMENTATION_COMMENTS = YES;
				CLANG_WARN_EMPTY_BODY = YES;
				CLANG_WARN_ENUM_CONVERSION = YES;
				CLANG_WARN_INFINITE_RECURSION = YES;
				CLANG_WARN_INT_CONVERSION = YES;
				CLANG_WARN_OBJC_ROOT_CLASS = YES_ERROR;
				CLANG_WARN_SUSPICIOUS_MOVE = YES;
				CLANG_WARN_UNREACHABLE_CODE = YES;
				CLANG_WARN__DUPLICATE_METHOD_MATCH = YES;
				"CODE_SIGN_IDENTITY[sdk=iphoneos*]" = "iPhone Developer";
				COPY_PHASE_STRIP = NO;
				DEBUG_INFORMATION_FORMAT = "dwarf-with-dsym";
				ENABLE_NS_ASSERTIONS = NO;
				ENABLE_STRICT_OBJC_MSGSEND = YES;
				GCC_C_LANGUAGE_STANDARD = gnu99;
				GCC_NO_COMMON_BLOCKS = YES;
				GCC_WARN_64_TO_32_BIT_CONVERSION = YES;
				GCC_WARN_ABOUT_RETURN_TYPE = YES_ERROR;
				GCC_WARN_UNDECLARED_SELECTOR = YES;
				GCC_WARN_UNINITIALIZED_AUTOS = YES_AGGRESSIVE;
				GCC_WARN_UNUSED_FUNCTION = YES;
				GCC_WARN_UNUSED_VARIABLE = YES;
				IPHONEOS_DEPLOYMENT_TARGET = 10.2;
				MTL_ENABLE_DEBUG_INFO = NO;
				SDKROOT = iphoneos;
				TARGETED_DEVICE_FAMILY = "1,2";
				VALIDATE_PRODUCT = YES;
			};
			name = Release;
		};
		2E34E0291E7A25BD001D6023 /* Debug */ = {
			isa = XCBuildConfiguration;
			buildSettings = {
				ASSETCATALOG_COMPILER_APPICON_NAME = AppIcon;
				DEVELOPMENT_TEAM = 7Z59E8EDBY;
				INFOPLIST_FILE = delegateMethod/Info.plist;
				LD_RUNPATH_SEARCH_PATHS = "$(inherited) @executable_path/Frameworks";
				PRODUCT_BUNDLE_IDENTIFIER = KDR.delegateMethod;
				PRODUCT_NAME = "$(TARGET_NAME)";
			};
			name = Debug;
		};
		2E34E02A1E7A25BD001D6023 /* Release */ = {
			isa = XCBuildConfiguration;
			buildSettings = {
				ASSETCATALOG_COMPILER_APPICON_NAME = AppIcon;
				DEVELOPMENT_TEAM = 7Z59E8EDBY;
				INFOPLIST_FILE = delegateMethod/Info.plist;
				LD_RUNPATH_SEARCH_PATHS = "$(inherited) @executable_path/Frameworks";
				PRODUCT_BUNDLE_IDENTIFIER = KDR.delegateMethod;
				PRODUCT_NAME = "$(TARGET_NAME)";
			};
			name = Release;
		};
		2E34E02C1E7A25BD001D6023 /* Debug */ = {
			isa = XCBuildConfiguration;
			buildSettings = {
				BUNDLE_LOADER = "$(TEST_HOST)";
				DEVELOPMENT_TEAM = 7Z59E8EDBY;
				INFOPLIST_FILE = delegateMethodTests/Info.plist;
				LD_RUNPATH_SEARCH_PATHS = "$(inherited) @executable_path/Frameworks @loader_path/Frameworks";
				PRODUCT_BUNDLE_IDENTIFIER = KDR.delegateMethodTests;
				PRODUCT_NAME = "$(TARGET_NAME)";
				TEST_HOST = "$(BUILT_PRODUCTS_DIR)/delegateMethod.app/delegateMethod";
			};
			name = Debug;
		};
		2E34E02D1E7A25BD001D6023 /* Release */ = {
			isa = XCBuildConfiguration;
			buildSettings = {
				BUNDLE_LOADER = "$(TEST_HOST)";
				DEVELOPMENT_TEAM = 7Z59E8EDBY;
				INFOPLIST_FILE = delegateMethodTests/Info.plist;
				LD_RUNPATH_SEARCH_PATHS = "$(inherited) @executable_path/Frameworks @loader_path/Frameworks";
				PRODUCT_BUNDLE_IDENTIFIER = KDR.delegateMethodTests;
				PRODUCT_NAME = "$(TARGET_NAME)";
				TEST_HOST = "$(BUILT_PRODUCTS_DIR)/delegateMethod.app/delegateMethod";
			};
			name = Release;
		};
		2E34E02F1E7A25BD001D6023 /* Debug */ = {
			isa = XCBuildConfiguration;
			buildSettings = {
				DEVELOPMENT_TEAM = 7Z59E8EDBY;
				INFOPLIST_FILE = delegateMethodUITests/Info.plist;
				LD_RUNPATH_SEARCH_PATHS = "$(inherited) @executable_path/Frameworks @loader_path/Frameworks";
				PRODUCT_BUNDLE_IDENTIFIER = KDR.delegateMethodUITests;
				PRODUCT_NAME = "$(TARGET_NAME)";
				TEST_TARGET_NAME = delegateMethod;
			};
			name = Debug;
		};
		2E34E0301E7A25BD001D6023 /* Release */ = {
			isa = XCBuildConfiguration;
			buildSettings = {
				DEVELOPMENT_TEAM = 7Z59E8EDBY;
				INFOPLIST_FILE = delegateMethodUITests/Info.plist;
				LD_RUNPATH_SEARCH_PATHS = "$(inherited) @executable_path/Frameworks @loader_path/Frameworks";
				PRODUCT_BUNDLE_IDENTIFIER = KDR.delegateMethodUITests;
				PRODUCT_NAME = "$(TARGET_NAME)";
				TEST_TARGET_NAME = delegateMethod;
			};
			name = Release;
		};
/* End XCBuildConfiguration section */

/* Begin XCConfigurationList section */
		2E34DFF31E7A25BD001D6023 /* Build configuration list for PBXProject "delegateMethod" */ = {
			isa = XCConfigurationList;
			buildConfigurations = (
				2E34E0261E7A25BD001D6023 /* Debug */,
				2E34E0271E7A25BD001D6023 /* Release */,
			);
			defaultConfigurationIsVisible = 0;
			defaultConfigurationName = Release;
		};
		2E34E0281E7A25BD001D6023 /* Build configuration list for PBXNativeTarget "delegateMethod" */ = {
			isa = XCConfigurationList;
			buildConfigurations = (
				2E34E0291E7A25BD001D6023 /* Debug */,
				2E34E02A1E7A25BD001D6023 /* Release */,
			);
			defaultConfigurationIsVisible = 0;
		};
		2E34E02B1E7A25BD001D6023 /* Build configuration list for PBXNativeTarget "delegateMethodTests" */ = {
			isa = XCConfigurationList;
			buildConfigurations = (
				2E34E02C1E7A25BD001D6023 /* Debug */,
				2E34E02D1E7A25BD001D6023 /* Release */,
			);
			defaultConfigurationIsVisible = 0;
		};
		2E34E02E1E7A25BD001D6023 /* Build configuration list for PBXNativeTarget "delegateMethodUITests" */ = {
			isa = XCConfigurationList;
			buildConfigurations = (
				2E34E02F1E7A25BD001D6023 /* Debug */,
				2E34E0301E7A25BD001D6023 /* Release */,
			);
			defaultConfigurationIsVisible = 0;
		};
/* End XCConfigurationList section */

/* Begin XCVersionGroup section */
		2E34E0071E7A25BD001D6023 /* delegateMethod.xcdatamodeld */ = {
			isa = XCVersionGroup;
			children = (
				2E34E0081E7A25BD001D6023 /* delegateMethod.xcdatamodel */,
			);
			currentVersion = 2E34E0081E7A25BD001D6023 /* delegateMethod.xcdatamodel */;
			path = delegateMethod.xcdatamodeld;
			sourceTree = "<group>";
			versionGroupType = wrapper.xcdatamodel;
		};
/* End XCVersionGroup section */
	};
	rootObject = 2E34DFF01E7A25BD001D6023 /* Project object */;
}
